// !$*UTF8*$!
{
	archiveVersion = 1;
	classes = {
	};
	objectVersion = 48;
	objects = {

/* Begin PBXBuildFile section */
		BC8BD1F01FDCE72300DFD086 /* AppDelegate.swift in Sources */ = {isa = PBXBuildFile; fileRef = BC8BD1EF1FDCE72300DFD086 /* AppDelegate.swift */; };
		BC8BD1F21FDCE72300DFD086 /* ViewController.swift in Sources */ = {isa = PBXBuildFile; fileRef = BC8BD1F11FDCE72300DFD086 /* ViewController.swift */; };
		BC8BD1F51FDCE72300DFD086 /* Main.storyboard in Resources */ = {isa = PBXBuildFile; fileRef = BC8BD1F31FDCE72300DFD086 /* Main.storyboard */; };
		BC8BD1F71FDCE72300DFD086 /* Assets.xcassets in Resources */ = {isa = PBXBuildFile; fileRef = BC8BD1F61FDCE72300DFD086 /* Assets.xcassets */; };
		BC8BD1FA1FDCE72300DFD086 /* LaunchScreen.storyboard in Resources */ = {isa = PBXBuildFile; fileRef = BC8BD1F81FDCE72300DFD086 /* LaunchScreen.storyboard */; };
		BC8BD2051FDCE72300DFD086 /* DestroyTheWorldTests.swift in Sources */ = {isa = PBXBuildFile; fileRef = BC8BD2041FDCE72300DFD086 /* DestroyTheWorldTests.swift */; };
		BC8BD2101FDCE72300DFD086 /* DestroyTheWorldUITests.swift in Sources */ = {isa = PBXBuildFile; fileRef = BC8BD20F1FDCE72300DFD086 /* DestroyTheWorldUITests.swift */; };
/* End PBXBuildFile section */

/* Begin PBXContainerItemProxy section */
		BC8BD2011FDCE72300DFD086 /* PBXContainerItemProxy */ = {
			isa = PBXContainerItemProxy;
			containerPortal = BC8BD1E41FDCE72200DFD086 /* Project object */;
			proxyType = 1;
			remoteGlobalIDString = BC8BD1EB1FDCE72200DFD086;
			remoteInfo = DestroyTheWorld;
		};
		BC8BD20C1FDCE72300DFD086 /* PBXContainerItemProxy */ = {
			isa = PBXContainerItemProxy;
			containerPortal = BC8BD1E41FDCE72200DFD086 /* Project object */;
			proxyType = 1;
			remoteGlobalIDString = BC8BD1EB1FDCE72200DFD086;
			remoteInfo = DestroyTheWorld;
		};
/* End PBXContainerItemProxy section */

/* Begin PBXFileReference section */
		BC8BD1EC1FDCE72300DFD086 /* DestroyTheWorld.app */ = {isa = PBXFileReference; explicitFileType = wrapper.application; includeInIndex = 0; path = DestroyTheWorld.app; sourceTree = BUILT_PRODUCTS_DIR; };
		BC8BD1EF1FDCE72300DFD086 /* AppDelegate.swift */ = {isa = PBXFileReference; lastKnownFileType = sourcecode.swift; path = AppDelegate.swift; sourceTree = "<group>"; };
		BC8BD1F11FDCE72300DFD086 /* ViewController.swift */ = {isa = PBXFileReference; lastKnownFileType = sourcecode.swift; path = ViewController.swift; sourceTree = "<group>"; };
		BC8BD1F41FDCE72300DFD086 /* Base */ = {isa = PBXFileReference; lastKnownFileType = file.storyboard; name = Base; path = Base.lproj/Main.storyboard; sourceTree = "<group>"; };
		BC8BD1F61FDCE72300DFD086 /* Assets.xcassets */ = {isa = PBXFileReference; lastKnownFileType = folder.assetcatalog; path = Assets.xcassets; sourceTree = "<group>"; };
		BC8BD1F91FDCE72300DFD086 /* Base */ = {isa = PBXFileReference; lastKnownFileType = file.storyboard; name = Base; path = Base.lproj/LaunchScreen.storyboard; sourceTree = "<group>"; };
		BC8BD1FB1FDCE72300DFD086 /* Info.plist */ = {isa = PBXFileReference; lastKnownFileType = text.plist.xml; path = Info.plist; sourceTree = "<group>"; };
		BC8BD2001FDCE72300DFD086 /* DestroyTheWorldTests.xctest */ = {isa = PBXFileReference; explicitFileType = wrapper.cfbundle; includeInIndex = 0; path = DestroyTheWorldTests.xctest; sourceTree = BUILT_PRODUCTS_DIR; };
		BC8BD2041FDCE72300DFD086 /* DestroyTheWorldTests.swift */ = {isa = PBXFileReference; lastKnownFileType = sourcecode.swift; path = DestroyTheWorldTests.swift; sourceTree = "<group>"; };
		BC8BD2061FDCE72300DFD086 /* Info.plist */ = {isa = PBXFileReference; lastKnownFileType = text.plist.xml; path = Info.plist; sourceTree = "<group>"; };
		BC8BD20B1FDCE72300DFD086 /* DestroyTheWorldUITests.xctest */ = {isa = PBXFileReference; explicitFileType = wrapper.cfbundle; includeInIndex = 0; path = DestroyTheWorldUITests.xctest; sourceTree = BUILT_PRODUCTS_DIR; };
		BC8BD20F1FDCE72300DFD086 /* DestroyTheWorldUITests.swift */ = {isa = PBXFileReference; lastKnownFileType = sourcecode.swift; path = DestroyTheWorldUITests.swift; sourceTree = "<group>"; };
		BC8BD2111FDCE72300DFD086 /* Info.plist */ = {isa = PBXFileReference; lastKnownFileType = text.plist.xml; path = Info.plist; sourceTree = "<group>"; };
/* End PBXFileReference section */

/* Begin PBXFrameworksBuildPhase section */
		BC8BD1E91FDCE72200DFD086 /* Frameworks */ = {
			isa = PBXFrameworksBuildPhase;
			buildActionMask = 2147483647;
			files = (
			);
			runOnlyForDeploymentPostprocessing = 0;
		};
		BC8BD1FD1FDCE72300DFD086 /* Frameworks */ = {
			isa = PBXFrameworksBuildPhase;
			buildActionMask = 2147483647;
			files = (
			);
			runOnlyForDeploymentPostprocessing = 0;
		};
		BC8BD2081FDCE72300DFD086 /* Frameworks */ = {
			isa = PBXFrameworksBuildPhase;
			buildActionMask = 2147483647;
			files = (
			);
			runOnlyForDeploymentPostprocessing = 0;
		};
/* End PBXFrameworksBuildPhase section */

/* Begin PBXGroup section */
		BC8BD1E31FDCE72200DFD086 = {
			isa = PBXGroup;
			children = (
				BC8BD1EE1FDCE72300DFD086 /* DestroyTheWorld */,
				BC8BD2031FDCE72300DFD086 /* DestroyTheWorldTests */,
				BC8BD20E1FDCE72300DFD086 /* DestroyTheWorldUITests */,
				BC8BD1ED1FDCE72300DFD086 /* Products */,
			);
			sourceTree = "<group>";
		};
		BC8BD1ED1FDCE72300DFD086 /* Products */ = {
			isa = PBXGroup;
			children = (
				BC8BD1EC1FDCE72300DFD086 /* DestroyTheWorld.app */,
				BC8BD2001FDCE72300DFD086 /* DestroyTheWorldTests.xctest */,
				BC8BD20B1FDCE72300DFD086 /* DestroyTheWorldUITests.xctest */,
			);
			name = Products;
			sourceTree = "<group>";
		};
		BC8BD1EE1FDCE72300DFD086 /* DestroyTheWorld */ = {
			isa = PBXGroup;
			children = (
				BC8BD1EF1FDCE72300DFD086 /* AppDelegate.swift */,
				BC8BD1F11FDCE72300DFD086 /* ViewController.swift */,
				BC8BD1F31FDCE72300DFD086 /* Main.storyboard */,
				BC8BD1F61FDCE72300DFD086 /* Assets.xcassets */,
				BC8BD1F81FDCE72300DFD086 /* LaunchScreen.storyboard */,
				BC8BD1FB1FDCE72300DFD086 /* Info.plist */,
			);
			path = DestroyTheWorld;
			sourceTree = "<group>";
		};
		BC8BD2031FDCE72300DFD086 /* DestroyTheWorldTests */ = {
			isa = PBXGroup;
			children = (
				BC8BD2041FDCE72300DFD086 /* DestroyTheWorldTests.swift */,
				BC8BD2061FDCE72300DFD086 /* Info.plist */,
			);
			path = DestroyTheWorldTests;
			sourceTree = "<group>";
		};
		BC8BD20E1FDCE72300DFD086 /* DestroyTheWorldUITests */ = {
			isa = PBXGroup;
			children = (
				BC8BD20F1FDCE72300DFD086 /* DestroyTheWorldUITests.swift */,
				BC8BD2111FDCE72300DFD086 /* Info.plist */,
			);
			path = DestroyTheWorldUITests;
			sourceTree = "<group>";
		};
/* End PBXGroup section */

/* Begin PBXNativeTarget section */
		BC8BD1EB1FDCE72200DFD086 /* DestroyTheWorld */ = {
			isa = PBXNativeTarget;
			buildConfigurationList = BC8BD2141FDCE72300DFD086 /* Build configuration list for PBXNativeTarget "DestroyTheWorld" */;
			buildPhases = (
				BC8BD1E81FDCE72200DFD086 /* Sources */,
				BC8BD1E91FDCE72200DFD086 /* Frameworks */,
				BC8BD1EA1FDCE72200DFD086 /* Resources */,
			);
			buildRules = (
			);
			dependencies = (
			);
			name = DestroyTheWorld;
			productName = DestroyTheWorld;
			productReference = BC8BD1EC1FDCE72300DFD086 /* DestroyTheWorld.app */;
			productType = "com.apple.product-type.application";
		};
		BC8BD1FF1FDCE72300DFD086 /* DestroyTheWorldTests */ = {
			isa = PBXNativeTarget;
			buildConfigurationList = BC8BD2171FDCE72300DFD086 /* Build configuration list for PBXNativeTarget "DestroyTheWorldTests" */;
			buildPhases = (
				BC8BD1FC1FDCE72300DFD086 /* Sources */,
				BC8BD1FD1FDCE72300DFD086 /* Frameworks */,
				BC8BD1FE1FDCE72300DFD086 /* Resources */,
			);
			buildRules = (
			);
			dependencies = (
				BC8BD2021FDCE72300DFD086 /* PBXTargetDependency */,
			);
			name = DestroyTheWorldTests;
			productName = DestroyTheWorldTests;
			productReference = BC8BD2001FDCE72300DFD086 /* DestroyTheWorldTests.xctest */;
			productType = "com.apple.product-type.bundle.unit-test";
		};
		BC8BD20A1FDCE72300DFD086 /* DestroyTheWorldUITests */ = {
			isa = PBXNativeTarget;
			buildConfigurationList = BC8BD21A1FDCE72300DFD086 /* Build configuration list for PBXNativeTarget "DestroyTheWorldUITests" */;
			buildPhases = (
				BC8BD2071FDCE72300DFD086 /* Sources */,
				BC8BD2081FDCE72300DFD086 /* Frameworks */,
				BC8BD2091FDCE72300DFD086 /* Resources */,
			);
			buildRules = (
			);
			dependencies = (
				BC8BD20D1FDCE72300DFD086 /* PBXTargetDependency */,
			);
			name = DestroyTheWorldUITests;
			productName = DestroyTheWorldUITests;
			productReference = BC8BD20B1FDCE72300DFD086 /* DestroyTheWorldUITests.xctest */;
			productType = "com.apple.product-type.bundle.ui-testing";
		};
/* End PBXNativeTarget section */

/* Begin PBXProject section */
		BC8BD1E41FDCE72200DFD086 /* Project object */ = {
			isa = PBXProject;
			attributes = {
				LastSwiftUpdateCheck = 0920;
				LastUpgradeCheck = 0920;
				ORGANIZATIONNAME = "Hayden Owen";
				TargetAttributes = {
					BC8BD1EB1FDCE72200DFD086 = {
						CreatedOnToolsVersion = 9.2;
						ProvisioningStyle = Automatic;
					};
					BC8BD1FF1FDCE72300DFD086 = {
						CreatedOnToolsVersion = 9.2;
						ProvisioningStyle = Automatic;
						TestTargetID = BC8BD1EB1FDCE72200DFD086;
					};
					BC8BD20A1FDCE72300DFD086 = {
						CreatedOnToolsVersion = 9.2;
						ProvisioningStyle = Automatic;
						TestTargetID = BC8BD1EB1FDCE72200DFD086;
					};
				};
			};
			buildConfigurationList = BC8BD1E71FDCE72200DFD086 /* Build configuration list for PBXProject "DestroyTheWorld" */;
			compatibilityVersion = "Xcode 8.0";
			developmentRegion = en;
			hasScannedForEncodings = 0;
			knownRegions = (
				en,
				Base,
			);
			mainGroup = BC8BD1E31FDCE72200DFD086;
			productRefGroup = BC8BD1ED1FDCE72300DFD086 /* Products */;
			projectDirPath = "";
			projectRoot = "";
			targets = (
				BC8BD1EB1FDCE72200DFD086 /* DestroyTheWorld */,
				BC8BD1FF1FDCE72300DFD086 /* DestroyTheWorldTests */,
				BC8BD20A1FDCE72300DFD086 /* DestroyTheWorldUITests */,
			);
		};
/* End PBXProject section */

/* Begin PBXResourcesBuildPhase section */
		BC8BD1EA1FDCE72200DFD086 /* Resources */ = {
			isa = PBXResourcesBuildPhase;
			buildActionMask = 2147483647;
			files = (
				BC8BD1FA1FDCE72300DFD086 /* LaunchScreen.storyboard in Resources */,
				BC8BD1F71FDCE72300DFD086 /* Assets.xcassets in Resources */,
				BC8BD1F51FDCE72300DFD086 /* Main.storyboard in Resources */,
			);
			runOnlyForDeploymentPostprocessing = 0;
		};
		BC8BD1FE1FDCE72300DFD086 /* Resources */ = {
			isa = PBXResourcesBuildPhase;
			buildActionMask = 2147483647;
			files = (
			);
			runOnlyForDeploymentPostprocessing = 0;
		};
		BC8BD2091FDCE72300DFD086 /* Resources */ = {
			isa = PBXResourcesBuildPhase;
			buildActionMask = 2147483647;
			files = (
			);
			runOnlyForDeploymentPostprocessing = 0;
		};
/* End PBXResourcesBuildPhase section */

/* Begin PBXSourcesBuildPhase section */
		BC8BD1E81FDCE72200DFD086 /* Sources */ = {
			isa = PBXSourcesBuildPhase;
			buildActionMask = 2147483647;
			files = (
				BC8BD1F21FDCE72300DFD086 /* ViewController.swift in Sources */,
				BC8BD1F01FDCE72300DFD086 /* AppDelegate.swift in Sources */,
			);
			runOnlyForDeploymentPostprocessing = 0;
		};
		BC8BD1FC1FDCE72300DFD086 /* Sources */ = {
			isa = PBXSourcesBuildPhase;
			buildActionMask = 2147483647;
			files = (
				BC8BD2051FDCE72300DFD086 /* DestroyTheWorldTests.swift in Sources */,
			);
			runOnlyForDeploymentPostprocessing = 0;
		};
		BC8BD2071FDCE72300DFD086 /* Sources */ = {
			isa = PBXSourcesBuildPhase;
			buildActionMask = 2147483647;
			files = (
				BC8BD2101FDCE72300DFD086 /* DestroyTheWorldUITests.swift in Sources */,
			);
			runOnlyForDeploymentPostprocessing = 0;
		};
/* End PBXSourcesBuildPhase section */

/* Begin PBXTargetDependency section */
		BC8BD2021FDCE72300DFD086 /* PBXTargetDependency */ = {
			isa = PBXTargetDependency;
			target = BC8BD1EB1FDCE72200DFD086 /* DestroyTheWorld */;
			targetProxy = BC8BD2011FDCE72300DFD086 /* PBXContainerItemProxy */;
		};
		BC8BD20D1FDCE72300DFD086 /* PBXTargetDependency */ = {
			isa = PBXTargetDependency;
			target = BC8BD1EB1FDCE72200DFD086 /* DestroyTheWorld */;
			targetProxy = BC8BD20C1FDCE72300DFD086 /* PBXContainerItemProxy */;
		};
/* End PBXTargetDependency section */

/* Begin PBXVariantGroup section */
		BC8BD1F31FDCE72300DFD086 /* Main.storyboard */ = {
			isa = PBXVariantGroup;
			children = (
				BC8BD1F41FDCE72300DFD086 /* Base */,
			);
			name = Main.storyboard;
			sourceTree = "<group>";
		};
		BC8BD1F81FDCE72300DFD086 /* LaunchScreen.storyboard */ = {
			isa = PBXVariantGroup;
			children = (
				BC8BD1F91FDCE72300DFD086 /* Base */,
			);
			name = LaunchScreen.storyboard;
			sourceTree = "<group>";
		};
/* End PBXVariantGroup section */

/* Begin XCBuildConfiguration section */
		BC8BD2121FDCE72300DFD086 /* Debug */ = {
			isa = XCBuildConfiguration;
			buildSettings = {
				ALWAYS_SEARCH_USER_PATHS = NO;
				CLANG_ANALYZER_NONNULL = YES;
				CLANG_ANALYZER_NUMBER_OBJECT_CONVERSION = YES_AGGRESSIVE;
				CLANG_CXX_LANGUAGE_STANDARD = "gnu++14";
				CLANG_CXX_LIBRARY = "libc++";
				CLANG_ENABLE_MODULES = YES;
				CLANG_ENABLE_OBJC_ARC = YES;
				CLANG_WARN_BLOCK_CAPTURE_AUTORELEASING = YES;
				CLANG_WARN_BOOL_CONVERSION = YES;
				CLANG_WARN_COMMA = YES;
				CLANG_WARN_CONSTANT_CONVERSION = YES;
				CLANG_WARN_DIRECT_OBJC_ISA_USAGE = YES_ERROR;
				CLANG_WARN_DOCUMENTATION_COMMENTS = YES;
				CLANG_WARN_EMPTY_BODY = YES;
				CLANG_WARN_ENUM_CONVERSION = YES;
				CLANG_WARN_INFINITE_RECURSION = YES;
				CLANG_WARN_INT_CONVERSION = YES;
				CLANG_WARN_NON_LITERAL_NULL_CONVERSION = YES;
				CLANG_WARN_OBJC_LITERAL_CONVERSION = YES;
				CLANG_WARN_OBJC_ROOT_CLASS = YES_ERROR;
				CLANG_WARN_RANGE_LOOP_ANALYSIS = YES;
				CLANG_WARN_STRICT_PROTOTYPES = YES;
				CLANG_WARN_SUSPICIOUS_MOVE = YES;
				CLANG_WARN_UNGUARDED_AVAILABILITY = YES_AGGRESSIVE;
				CLANG_WARN_UNREACHABLE_CODE = YES;
				CLANG_WARN__DUPLICATE_METHOD_MATCH = YES;
				CODE_SIGN_IDENTITY = "iPhone Developer";
				COPY_PHASE_STRIP = NO;
				DEBUG_INFORMATION_FORMAT = dwarf;
				ENABLE_STRICT_OBJC_MSGSEND = YES;
				ENABLE_TESTABILITY = YES;
				GCC_C_LANGUAGE_STANDARD = gnu11;
				GCC_DYNAMIC_NO_PIC = NO;
				GCC_NO_COMMON_BLOCKS = YES;
				GCC_OPTIMIZATION_LEVEL = 0;
				GCC_PREPROCESSOR_DEFINITIONS = (
					"DEBUG=1",
					"$(inherited)",
				);
				GCC_WARN_64_TO_32_BIT_CONVERSION = YES;
				GCC_WARN_ABOUT_RETURN_TYPE = YES_ERROR;
				GCC_WARN_UNDECLARED_SELECTOR = YES;
				GCC_WARN_UNINITIALIZED_AUTOS = YES_AGGRESSIVE;
				GCC_WARN_UNUSED_FUNCTION = YES;
				GCC_WARN_UNUSED_VARIABLE = YES;
				IPHONEOS_DEPLOYMENT_TARGET = 11.2;
				MTL_ENABLE_DEBUG_INFO = YES;
				ONLY_ACTIVE_ARCH = YES;
				SDKROOT = iphoneos;
				SWIFT_ACTIVE_COMPILATION_CONDITIONS = DEBUG;
				SWIFT_OPTIMIZATION_LEVEL = "-Onone";
			};
			name = Debug;
		};
		BC8BD2131FDCE72300DFD086 /* Release */ = {
			isa = XCBuildConfiguration;
			buildSettings = {
				ALWAYS_SEARCH_USER_PATHS = NO;
				CLANG_ANALYZER_NONNULL = YES;
				CLANG_ANALYZER_NUMBER_OBJECT_CONVERSION = YES_AGGRESSIVE;
				CLANG_CXX_LANGUAGE_STANDARD = "gnu++14";
				CLANG_CXX_LIBRARY = "libc++";
				CLANG_ENABLE_MODULES = YES;
				CLANG_ENABLE_OBJC_ARC = YES;
				CLANG_WARN_BLOCK_CAPTURE_AUTORELEASING = YES;
				CLANG_WARN_BOOL_CONVERSION = YES;
				CLANG_WARN_COMMA = YES;
				CLANG_WARN_CONSTANT_CONVERSION = YES;
				CLANG_WARN_DIRECT_OBJC_ISA_USAGE = YES_ERROR;
				CLANG_WARN_DOCUMENTATION_COMMENTS = YES;
				CLANG_WARN_EMPTY_BODY = YES;
				CLANG_WARN_ENUM_CONVERSION = YES;
				CLANG_WARN_INFINITE_RECURSION = YES;
				CLANG_WARN_INT_CONVERSION = YES;
				CLANG_WARN_NON_LITERAL_NULL_CONVERSION = YES;
				CLANG_WARN_OBJC_LITERAL_CONVERSION = YES;
				CLANG_WARN_OBJC_ROOT_CLASS = YES_ERROR;
				CLANG_WARN_RANGE_LOOP_ANALYSIS = YES;
				CLANG_WARN_STRICT_PROTOTYPES = YES;
				CLANG_WARN_SUSPICIOUS_MOVE = YES;
				CLANG_WARN_UNGUARDED_AVAILABILITY = YES_AGGRESSIVE;
				CLANG_WARN_UNREACHABLE_CODE = YES;
				CLANG_WARN__DUPLICATE_METHOD_MATCH = YES;
				CODE_SIGN_IDENTITY = "iPhone Developer";
				COPY_PHASE_STRIP = NO;
				DEBUG_INFORMATION_FORMAT = "dwarf-with-dsym";
				ENABLE_NS_ASSERTIONS = NO;
				ENABLE_STRICT_OBJC_MSGSEND = YES;
				GCC_C_LANGUAGE_STANDARD = gnu11;
				GCC_NO_COMMON_BLOCKS = YES;
				GCC_WARN_64_TO_32_BIT_CONVERSION = YES;
				GCC_WARN_ABOUT_RETURN_TYPE = YES_ERROR;
				GCC_WARN_UNDECLARED_SELECTOR = YES;
				GCC_WARN_UNINITIALIZED_AUTOS = YES_AGGRESSIVE;
				GCC_WARN_UNUSED_FUNCTION = YES;
				GCC_WARN_UNUSED_VARIABLE = YES;
				IPHONEOS_DEPLOYMENT_TARGET = 11.2;
				MTL_ENABLE_DEBUG_INFO = NO;
				SDKROOT = iphoneos;
				SWIFT_OPTIMIZATION_LEVEL = "-Owholemodule";
				VALIDATE_PRODUCT = YES;
			};
			name = Release;
		};
		BC8BD2151FDCE72300DFD086 /* Debug */ = {
			isa = XCBuildConfiguration;
			buildSettings = {
				ASSETCATALOG_COMPILER_APPICON_NAME = AppIcon;
				CODE_SIGN_STYLE = Automatic;
				INFOPLIST_FILE = DestroyTheWorld/Info.plist;
				LD_RUNPATH_SEARCH_PATHS = "$(inherited) @executable_path/Frameworks";
				PRODUCT_BUNDLE_IDENTIFIER = "Hayden-Owen.DestroyTheWorld";
				PRODUCT_NAME = "$(TARGET_NAME)";
				SWIFT_VERSION = 4.0;
				TARGETED_DEVICE_FAMILY = "1,2";
			};
			name = Debug;
		};
		BC8BD2161FDCE72300DFD086 /* Release */ = {
			isa = XCBuildConfiguration;
			buildSettings = {
				ASSETCATALOG_COMPILER_APPICON_NAME = AppIcon;
				CODE_SIGN_STYLE = Automatic;
				INFOPLIST_FILE = DestroyTheWorld/Info.plist;
				LD_RUNPATH_SEARCH_PATHS = "$(inherited) @executable_path/Frameworks";
				PRODUCT_BUNDLE_IDENTIFIER = "Hayden-Owen.DestroyTheWorld";
				PRODUCT_NAME = "$(TARGET_NAME)";
				SWIFT_VERSION = 4.0;
				TARGETED_DEVICE_FAMILY = "1,2";
			};
			name = Release;
		};
		BC8BD2181FDCE72300DFD086 /* Debug */ = {
			isa = XCBuildConfiguration;
			buildSettings = {
				ALWAYS_EMBED_SWIFT_STANDARD_LIBRARIES = YES;
				BUNDLE_LOADER = "$(TEST_HOST)";
				CODE_SIGN_STYLE = Automatic;
				INFOPLIST_FILE = DestroyTheWorldTests/Info.plist;
				LD_RUNPATH_SEARCH_PATHS = "$(inherited) @executable_path/Frameworks @loader_path/Frameworks";
				PRODUCT_BUNDLE_IDENTIFIER = "Hayden-Owen.DestroyTheWorldTests";
				PRODUCT_NAME = "$(TARGET_NAME)";
				SWIFT_VERSION = 4.0;
				TARGETED_DEVICE_FAMILY = "1,2";
				TEST_HOST = "$(BUILT_PRODUCTS_DIR)/DestroyTheWorld.app/DestroyTheWorld";
			};
			name = Debug;
		};
		BC8BD2191FDCE72300DFD086 /* Release */ = {
			isa = XCBuildConfiguration;
			buildSettings = {
				ALWAYS_EMBED_SWIFT_STANDARD_LIBRARIES = YES;
				BUNDLE_LOADER = "$(TEST_HOST)";
				CODE_SIGN_STYLE = Automatic;
				INFOPLIST_FILE = DestroyTheWorldTests/Info.plist;
				LD_RUNPATH_SEARCH_PATHS = "$(inherited) @executable_path/Frameworks @loader_path/Frameworks";
				PRODUCT_BUNDLE_IDENTIFIER = "Hayden-Owen.DestroyTheWorldTests";
				PRODUCT_NAME = "$(TARGET_NAME)";
				SWIFT_VERSION = 4.0;
				TARGETED_DEVICE_FAMILY = "1,2";
				TEST_HOST = "$(BUILT_PRODUCTS_DIR)/DestroyTheWorld.app/DestroyTheWorld";
			};
			name = Release;
		};
		BC8BD21B1FDCE72300DFD086 /* Debug */ = {
			isa = XCBuildConfiguration;
			buildSettings = {
				ALWAYS_EMBED_SWIFT_STANDARD_LIBRARIES = YES;
				CODE_SIGN_STYLE = Automatic;
				INFOPLIST_FILE = DestroyTheWorldUITests/Info.plist;
				LD_RUNPATH_SEARCH_PATHS = "$(inherited) @executable_path/Frameworks @loader_path/Frameworks";
				PRODUCT_BUNDLE_IDENTIFIER = "Hayden-Owen.DestroyTheWorldUITests";
				PRODUCT_NAME = "$(TARGET_NAME)";
				SWIFT_VERSION = 4.0;
				TARGETED_DEVICE_FAMILY = "1,2";
				TEST_TARGET_NAME = DestroyTheWorld;
			};
			name = Debug;
		};
		BC8BD21C1FDCE72300DFD086 /* Release */ = {
			isa = XCBuildConfiguration;
			buildSettings = {
				ALWAYS_EMBED_SWIFT_STANDARD_LIBRARIES = YES;
				CODE_SIGN_STYLE = Automatic;
				INFOPLIST_FILE = DestroyTheWorldUITests/Info.plist;
				LD_RUNPATH_SEARCH_PATHS = "$(inherited) @executable_path/Frameworks @loader_path/Frameworks";
				PRODUCT_BUNDLE_IDENTIFIER = "Hayden-Owen.DestroyTheWorldUITests";
				PRODUCT_NAME = "$(TARGET_NAME)";
				SWIFT_VERSION = 4.0;
				TARGETED_DEVICE_FAMILY = "1,2";
				TEST_TARGET_NAME = DestroyTheWorld;
			};
			name = Release;
		};
/* End XCBuildConfiguration section */

/* Begin XCConfigurationList section */
		BC8BD1E71FDCE72200DFD086 /* Build configuration list for PBXProject "DestroyTheWorld" */ = {
			isa = XCConfigurationList;
			buildConfigurations = (
				BC8BD2121FDCE72300DFD086 /* Debug */,
				BC8BD2131FDCE72300DFD086 /* Release */,
			);
			defaultConfigurationIsVisible = 0;
			defaultConfigurationName = Release;
		};
		BC8BD2141FDCE72300DFD086 /* Build configuration list for PBXNativeTarget "DestroyTheWorld" */ = {
			isa = XCConfigurationList;
			buildConfigurations = (
				BC8BD2151FDCE72300DFD086 /* Debug */,
				BC8BD2161FDCE72300DFD086 /* Release */,
			);
			defaultConfigurationIsVisible = 0;
			defaultConfigurationName = Release;
		};
		BC8BD2171FDCE72300DFD086 /* Build configuration list for PBXNativeTarget "DestroyTheWorldTests" */ = {
			isa = XCConfigurationList;
			buildConfigurations = (
				BC8BD2181FDCE72300DFD086 /* Debug */,
				BC8BD2191FDCE72300DFD086 /* Release */,
			);
			defaultConfigurationIsVisible = 0;
			defaultConfigurationName = Release;
		};
		BC8BD21A1FDCE72300DFD086 /* Build configuration list for PBXNativeTarget "DestroyTheWorldUITests" */ = {
			isa = XCConfigurationList;
			buildConfigurations = (
				BC8BD21B1FDCE72300DFD086 /* Debug */,
				BC8BD21C1FDCE72300DFD086 /* Release */,
			);
			defaultConfigurationIsVisible = 0;
			defaultConfigurationName = Release;
		};
/* End XCConfigurationList section */
	};
	rootObject = BC8BD1E41FDCE72200DFD086 /* Project object */;
}
